
Microsoft Visual Studio Solution File, Format Version 12.00
# Visual Studio Version 16
VisualStudioVersion = 16.0.32106.194
MinimumVisualStudioVersion = 10.0.40219.1
Project("{FAE04EC0-301F-11D3-BF4B-00C04F79EFBC}") = "CalculateHours", "CalculateHours\CalculateHours.csproj", "{5F19BBA8-0980-43A3-AD1A-A96498402DEC}"
EndProject
Global
	GlobalSection(SolutionConfigurationPlatforms) = preSolution
		Debug|Any CPU = Debug|Any CPU
		Release|Any CPU = Release|Any CPU
	EndGlobalSection
	GlobalSection(ProjectConfigurationPlatforms) = postSolution
		{5F19BBA8-0980-43A3-AD1A-A96498402DEC}.Debug|Any CPU.ActiveCfg = Debug|Any CPU
		{5F19BBA8-0980-43A3-AD1A-A96498402DEC}.Debug|Any CPU.Build.0 = Debug|Any CPU
		{5F19BBA8-0980-43A3-AD1A-A96498402DEC}.Release|Any CPU.ActiveCfg = Release|Any CPU
		{5F19BBA8-0980-43A3-AD1A-A96498402DEC}.Release|Any CPU.Build.0 = Release|Any CPU
	EndGlobalSection
	GlobalSection(SolutionProperties) = preSolution
		HideSolutionNode = FALSE
	EndGlobalSection
	GlobalSection(ExtensibilityGlobals) = postSolution
		SolutionGuid = {F06D7F0A-C828-4B28-9D3B-D70950FAF8FC}
	EndGlobalSection
EndGlobal
